// !$*UTF8*$!
{
	archiveVersion = 1;
	classes = {
	};
	objectVersion = 50;
	objects = {

/* Begin PBXBuildFile section */
		22E488F2258A5FFF00BEEF5F /* MyDictionaryFramework.h in Headers */ = {isa = PBXBuildFile; fileRef = 22E488F1258A5FF500BEEF5F /* MyDictionaryFramework.h */; settings = {ATTRIBUTES = (Public, ); }; };
		22E488F6258A600000BEEF5F /* MyDictionaryFramework.h in Headers */ = {isa = PBXBuildFile; fileRef = 22E488F1258A5FF500BEEF5F /* MyDictionaryFramework.h */; settings = {ATTRIBUTES = (Public, ); }; };
		22E488FA258A600000BEEF5F /* MyDictionaryFramework.h in Headers */ = {isa = PBXBuildFile; fileRef = 22E488F1258A5FF500BEEF5F /* MyDictionaryFramework.h */; settings = {ATTRIBUTES = (Public, ); }; };
		22E48935258A6D5400BEEF5F /* UpdateWordProtocol.swift in Sources */ = {isa = PBXBuildFile; fileRef = 22E48930258A6D5400BEEF5F /* UpdateWordProtocol.swift */; };
		22E48936258A6D5400BEEF5F /* UpdateWordProtocol.swift in Sources */ = {isa = PBXBuildFile; fileRef = 22E48930258A6D5400BEEF5F /* UpdateWordProtocol.swift */; };
		22E48937258A6D5400BEEF5F /* UpdateWordProtocol.swift in Sources */ = {isa = PBXBuildFile; fileRef = 22E48930258A6D5400BEEF5F /* UpdateWordProtocol.swift */; };
		22E48938258A6D5400BEEF5F /* DeleteWordProtocol.swift in Sources */ = {isa = PBXBuildFile; fileRef = 22E48931258A6D5400BEEF5F /* DeleteWordProtocol.swift */; };
		22E48939258A6D5400BEEF5F /* DeleteWordProtocol.swift in Sources */ = {isa = PBXBuildFile; fileRef = 22E48931258A6D5400BEEF5F /* DeleteWordProtocol.swift */; };
		22E4893A258A6D5400BEEF5F /* DeleteWordProtocol.swift in Sources */ = {isa = PBXBuildFile; fileRef = 22E48931258A6D5400BEEF5F /* DeleteWordProtocol.swift */; };
		22E4893B258A6D5400BEEF5F /* FetchWordProtocol.swift in Sources */ = {isa = PBXBuildFile; fileRef = 22E48932258A6D5400BEEF5F /* FetchWordProtocol.swift */; };
		22E4893C258A6D5400BEEF5F /* FetchWordProtocol.swift in Sources */ = {isa = PBXBuildFile; fileRef = 22E48932258A6D5400BEEF5F /* FetchWordProtocol.swift */; };
		22E4893D258A6D5400BEEF5F /* FetchWordProtocol.swift in Sources */ = {isa = PBXBuildFile; fileRef = 22E48932258A6D5400BEEF5F /* FetchWordProtocol.swift */; };
		22E4893E258A6D5400BEEF5F /* CRUDWord.swift in Sources */ = {isa = PBXBuildFile; fileRef = 22E48933258A6D5400BEEF5F /* CRUDWord.swift */; };
		22E4893F258A6D5400BEEF5F /* CRUDWord.swift in Sources */ = {isa = PBXBuildFile; fileRef = 22E48933258A6D5400BEEF5F /* CRUDWord.swift */; };
		22E48940258A6D5400BEEF5F /* CRUDWord.swift in Sources */ = {isa = PBXBuildFile; fileRef = 22E48933258A6D5400BEEF5F /* CRUDWord.swift */; };
		22E48941258A6D5400BEEF5F /* AddWordProtocol.swift in Sources */ = {isa = PBXBuildFile; fileRef = 22E48934258A6D5400BEEF5F /* AddWordProtocol.swift */; };
		22E48942258A6D5400BEEF5F /* AddWordProtocol.swift in Sources */ = {isa = PBXBuildFile; fileRef = 22E48934258A6D5400BEEF5F /* AddWordProtocol.swift */; };
		22E48943258A6D5400BEEF5F /* AddWordProtocol.swift in Sources */ = {isa = PBXBuildFile; fileRef = 22E48934258A6D5400BEEF5F /* AddWordProtocol.swift */; };
		22E48949258A6DB700BEEF5F /* WordModel.swift in Sources */ = {isa = PBXBuildFile; fileRef = 22E48948258A6DB700BEEF5F /* WordModel.swift */; };
		22E4894A258A6DB700BEEF5F /* WordModel.swift in Sources */ = {isa = PBXBuildFile; fileRef = 22E48948258A6DB700BEEF5F /* WordModel.swift */; };
		22E4894B258A6DB700BEEF5F /* WordModel.swift in Sources */ = {isa = PBXBuildFile; fileRef = 22E48948258A6DB700BEEF5F /* WordModel.swift */; };
		22E48956258A6E3300BEEF5F /* ResultDeletedWord.swift in Sources */ = {isa = PBXBuildFile; fileRef = 22E48950258A6E3300BEEF5F /* ResultDeletedWord.swift */; };
		22E48957258A6E3300BEEF5F /* ResultDeletedWord.swift in Sources */ = {isa = PBXBuildFile; fileRef = 22E48950258A6E3300BEEF5F /* ResultDeletedWord.swift */; };
		22E48958258A6E3300BEEF5F /* ResultDeletedWord.swift in Sources */ = {isa = PBXBuildFile; fileRef = 22E48950258A6E3300BEEF5F /* ResultDeletedWord.swift */; };
		22E48959258A6E3300BEEF5F /* FetchResultWordsCount.swift in Sources */ = {isa = PBXBuildFile; fileRef = 22E48951258A6E3300BEEF5F /* FetchResultWordsCount.swift */; };
		22E4895A258A6E3300BEEF5F /* FetchResultWordsCount.swift in Sources */ = {isa = PBXBuildFile; fileRef = 22E48951258A6E3300BEEF5F /* FetchResultWordsCount.swift */; };
		22E4895B258A6E3300BEEF5F /* FetchResultWordsCount.swift in Sources */ = {isa = PBXBuildFile; fileRef = 22E48951258A6E3300BEEF5F /* FetchResultWordsCount.swift */; };
		22E4895C258A6E3300BEEF5F /* ResultSaved.swift in Sources */ = {isa = PBXBuildFile; fileRef = 22E48952258A6E3300BEEF5F /* ResultSaved.swift */; };
		22E4895D258A6E3300BEEF5F /* ResultSaved.swift in Sources */ = {isa = PBXBuildFile; fileRef = 22E48952258A6E3300BEEF5F /* ResultSaved.swift */; };
		22E4895E258A6E3300BEEF5F /* ResultSaved.swift in Sources */ = {isa = PBXBuildFile; fileRef = 22E48952258A6E3300BEEF5F /* ResultSaved.swift */; };
		22E4895F258A6E3300BEEF5F /* ResultSavedWord.swift in Sources */ = {isa = PBXBuildFile; fileRef = 22E48953258A6E3300BEEF5F /* ResultSavedWord.swift */; };
		22E48960258A6E3300BEEF5F /* ResultSavedWord.swift in Sources */ = {isa = PBXBuildFile; fileRef = 22E48953258A6E3300BEEF5F /* ResultSavedWord.swift */; };
		22E48961258A6E3300BEEF5F /* ResultSavedWord.swift in Sources */ = {isa = PBXBuildFile; fileRef = 22E48953258A6E3300BEEF5F /* ResultSavedWord.swift */; };
		22E48962258A6E3300BEEF5F /* FetchResultWords.swift in Sources */ = {isa = PBXBuildFile; fileRef = 22E48954258A6E3300BEEF5F /* FetchResultWords.swift */; };
		22E48963258A6E3300BEEF5F /* FetchResultWords.swift in Sources */ = {isa = PBXBuildFile; fileRef = 22E48954258A6E3300BEEF5F /* FetchResultWords.swift */; };
		22E48964258A6E3300BEEF5F /* FetchResultWords.swift in Sources */ = {isa = PBXBuildFile; fileRef = 22E48954258A6E3300BEEF5F /* FetchResultWords.swift */; };
		22E48965258A6E3300BEEF5F /* ResultWithoutSuccessGeneric.swift in Sources */ = {isa = PBXBuildFile; fileRef = 22E48955258A6E3300BEEF5F /* ResultWithoutSuccessGeneric.swift */; };
		22E48966258A6E3300BEEF5F /* ResultWithoutSuccessGeneric.swift in Sources */ = {isa = PBXBuildFile; fileRef = 22E48955258A6E3300BEEF5F /* ResultWithoutSuccessGeneric.swift */; };
		22E48967258A6E3300BEEF5F /* ResultWithoutSuccessGeneric.swift in Sources */ = {isa = PBXBuildFile; fileRef = 22E48955258A6E3300BEEF5F /* ResultWithoutSuccessGeneric.swift */; };
/* End PBXBuildFile section */

/* Begin PBXFileReference section */
		22C4D4ED258A59A5008C68B6 /* MyDictionaryFramework.framework */ = {isa = PBXFileReference; explicitFileType = wrapper.framework; includeInIndex = 0; path = MyDictionaryFramework.framework; sourceTree = BUILT_PRODUCTS_DIR; };
		22C4D50E258A5A5C008C68B6 /* MyDictionaryFramework.framework */ = {isa = PBXFileReference; explicitFileType = wrapper.framework; includeInIndex = 0; path = MyDictionaryFramework.framework; sourceTree = BUILT_PRODUCTS_DIR; };
		22C4D51D258A5A97008C68B6 /* MyDictionaryFramework.framework */ = {isa = PBXFileReference; explicitFileType = wrapper.framework; includeInIndex = 0; path = MyDictionaryFramework.framework; sourceTree = BUILT_PRODUCTS_DIR; };
		22E488DA258A5CD700BEEF5F /* Info-macOS.plist */ = {isa = PBXFileReference; lastKnownFileType = text.plist.xml; path = "Info-macOS.plist"; sourceTree = "<group>"; };
		22E488DB258A5CD700BEEF5F /* Info-watchOS.plist */ = {isa = PBXFileReference; lastKnownFileType = text.plist.xml; path = "Info-watchOS.plist"; sourceTree = "<group>"; };
		22E488DC258A5CD700BEEF5F /* Info-iOS.plist */ = {isa = PBXFileReference; lastKnownFileType = text.plist.xml; path = "Info-iOS.plist"; sourceTree = "<group>"; };
		22E488F1258A5FF500BEEF5F /* MyDictionaryFramework.h */ = {isa = PBXFileReference; lastKnownFileType = sourcecode.c.h; path = MyDictionaryFramework.h; sourceTree = "<group>"; };
		22E4890E258A60EA00BEEF5F /* Package.swift */ = {isa = PBXFileReference; lastKnownFileType = sourcecode.swift; path = Package.swift; sourceTree = "<group>"; };
		22E48930258A6D5400BEEF5F /* UpdateWordProtocol.swift */ = {isa = PBXFileReference; fileEncoding = 4; lastKnownFileType = sourcecode.swift; path = UpdateWordProtocol.swift; sourceTree = "<group>"; };
		22E48931258A6D5400BEEF5F /* DeleteWordProtocol.swift */ = {isa = PBXFileReference; fileEncoding = 4; lastKnownFileType = sourcecode.swift; path = DeleteWordProtocol.swift; sourceTree = "<group>"; };
		22E48932258A6D5400BEEF5F /* FetchWordProtocol.swift */ = {isa = PBXFileReference; fileEncoding = 4; lastKnownFileType = sourcecode.swift; path = FetchWordProtocol.swift; sourceTree = "<group>"; };
		22E48933258A6D5400BEEF5F /* CRUDWord.swift */ = {isa = PBXFileReference; fileEncoding = 4; lastKnownFileType = sourcecode.swift; path = CRUDWord.swift; sourceTree = "<group>"; };
		22E48934258A6D5400BEEF5F /* AddWordProtocol.swift */ = {isa = PBXFileReference; fileEncoding = 4; lastKnownFileType = sourcecode.swift; path = AddWordProtocol.swift; sourceTree = "<group>"; };
		22E48948258A6DB700BEEF5F /* WordModel.swift */ = {isa = PBXFileReference; lastKnownFileType = sourcecode.swift; path = WordModel.swift; sourceTree = "<group>"; };
		22E48950258A6E3300BEEF5F /* ResultDeletedWord.swift */ = {isa = PBXFileReference; fileEncoding = 4; lastKnownFileType = sourcecode.swift; path = ResultDeletedWord.swift; sourceTree = "<group>"; };
		22E48951258A6E3300BEEF5F /* FetchResultWordsCount.swift */ = {isa = PBXFileReference; fileEncoding = 4; lastKnownFileType = sourcecode.swift; path = FetchResultWordsCount.swift; sourceTree = "<group>"; };
		22E48952258A6E3300BEEF5F /* ResultSaved.swift */ = {isa = PBXFileReference; fileEncoding = 4; lastKnownFileType = sourcecode.swift; path = ResultSaved.swift; sourceTree = "<group>"; };
		22E48953258A6E3300BEEF5F /* ResultSavedWord.swift */ = {isa = PBXFileReference; fileEncoding = 4; lastKnownFileType = sourcecode.swift; path = ResultSavedWord.swift; sourceTree = "<group>"; };
		22E48954258A6E3300BEEF5F /* FetchResultWords.swift */ = {isa = PBXFileReference; fileEncoding = 4; lastKnownFileType = sourcecode.swift; path = FetchResultWords.swift; sourceTree = "<group>"; };
		22E48955258A6E3300BEEF5F /* ResultWithoutSuccessGeneric.swift */ = {isa = PBXFileReference; fileEncoding = 4; lastKnownFileType = sourcecode.swift; path = ResultWithoutSuccessGeneric.swift; sourceTree = "<group>"; };
/* End PBXFileReference section */

/* Begin PBXFrameworksBuildPhase section */
		22C4D4EA258A59A5008C68B6 /* Frameworks */ = {
			isa = PBXFrameworksBuildPhase;
			buildActionMask = 2147483647;
			files = (
			);
			runOnlyForDeploymentPostprocessing = 0;
		};
		22C4D50B258A5A5C008C68B6 /* Frameworks */ = {
			isa = PBXFrameworksBuildPhase;
			buildActionMask = 2147483647;
			files = (
			);
			runOnlyForDeploymentPostprocessing = 0;
		};
		22C4D51A258A5A97008C68B6 /* Frameworks */ = {
			isa = PBXFrameworksBuildPhase;
			buildActionMask = 2147483647;
			files = (
			);
			runOnlyForDeploymentPostprocessing = 0;
		};
/* End PBXFrameworksBuildPhase section */

/* Begin PBXGroup section */
		22C4D4E1258A5910008C68B6 = {
			isa = PBXGroup;
			children = (
				22E4890E258A60EA00BEEF5F /* Package.swift */,
				22C4D528258A5B02008C68B6 /* Sources */,
				22C4D4EE258A59A5008C68B6 /* Products */,
			);
			sourceTree = "<group>";
		};
		22C4D4EE258A59A5008C68B6 /* Products */ = {
			isa = PBXGroup;
			children = (
				22C4D4ED258A59A5008C68B6 /* MyDictionaryFramework.framework */,
				22C4D50E258A5A5C008C68B6 /* MyDictionaryFramework.framework */,
				22C4D51D258A5A97008C68B6 /* MyDictionaryFramework.framework */,
			);
			name = Products;
			sourceTree = "<group>";
		};
		22C4D528258A5B02008C68B6 /* Sources */ = {
			isa = PBXGroup;
			children = (
				22E4894F258A6E3300BEEF5F /* Results */,
				22E48947258A6D7800BEEF5F /* Models */,
				22E4892E258A6CD800BEEF5F /* Protocols */,
				22E488F1258A5FF500BEEF5F /* MyDictionaryFramework.h */,
				22E488DC258A5CD700BEEF5F /* Info-iOS.plist */,
				22E488DA258A5CD700BEEF5F /* Info-macOS.plist */,
				22E488DB258A5CD700BEEF5F /* Info-watchOS.plist */,
			);
			path = Sources;
			sourceTree = "<group>";
		};
		22E4892E258A6CD800BEEF5F /* Protocols */ = {
			isa = PBXGroup;
			children = (
				22E4892F258A6CF000BEEF5F /* CRUDWord */,
			);
			path = Protocols;
			sourceTree = "<group>";
		};
		22E4892F258A6CF000BEEF5F /* CRUDWord */ = {
			isa = PBXGroup;
			children = (
				22E48934258A6D5400BEEF5F /* AddWordProtocol.swift */,
				22E48933258A6D5400BEEF5F /* CRUDWord.swift */,
				22E48931258A6D5400BEEF5F /* DeleteWordProtocol.swift */,
				22E48932258A6D5400BEEF5F /* FetchWordProtocol.swift */,
				22E48930258A6D5400BEEF5F /* UpdateWordProtocol.swift */,
			);
			path = CRUDWord;
			sourceTree = "<group>";
		};
		22E48947258A6D7800BEEF5F /* Models */ = {
			isa = PBXGroup;
			children = (
				22E48948258A6DB700BEEF5F /* WordModel.swift */,
			);
			path = Models;
			sourceTree = "<group>";
		};
		22E4894F258A6E3300BEEF5F /* Results */ = {
			isa = PBXGroup;
			children = (
				22E48950258A6E3300BEEF5F /* ResultDeletedWord.swift */,
				22E48951258A6E3300BEEF5F /* FetchResultWordsCount.swift */,
				22E48952258A6E3300BEEF5F /* ResultSaved.swift */,
				22E48953258A6E3300BEEF5F /* ResultSavedWord.swift */,
				22E48954258A6E3300BEEF5F /* FetchResultWords.swift */,
				22E48955258A6E3300BEEF5F /* ResultWithoutSuccessGeneric.swift */,
			);
			path = Results;
			sourceTree = "<group>";
		};
/* End PBXGroup section */

/* Begin PBXHeadersBuildPhase section */
		22C4D4E8258A59A5008C68B6 /* Headers */ = {
			isa = PBXHeadersBuildPhase;
			buildActionMask = 2147483647;
			files = (
				22E488F2258A5FFF00BEEF5F /* MyDictionaryFramework.h in Headers */,
			);
			runOnlyForDeploymentPostprocessing = 0;
		};
		22C4D509258A5A5C008C68B6 /* Headers */ = {
			isa = PBXHeadersBuildPhase;
			buildActionMask = 2147483647;
			files = (
				22E488F6258A600000BEEF5F /* MyDictionaryFramework.h in Headers */,
			);
			runOnlyForDeploymentPostprocessing = 0;
		};
		22C4D518258A5A97008C68B6 /* Headers */ = {
			isa = PBXHeadersBuildPhase;
			buildActionMask = 2147483647;
			files = (
				22E488FA258A600000BEEF5F /* MyDictionaryFramework.h in Headers */,
			);
			runOnlyForDeploymentPostprocessing = 0;
		};
/* End PBXHeadersBuildPhase section */

/* Begin PBXNativeTarget section */
		22C4D4EC258A59A5008C68B6 /* MyDictionaryFramework iOS */ = {
			isa = PBXNativeTarget;
			buildConfigurationList = 22C4D4FF258A59A5008C68B6 /* Build configuration list for PBXNativeTarget "MyDictionaryFramework iOS" */;
			buildPhases = (
				22C4D4E8258A59A5008C68B6 /* Headers */,
				22C4D4E9258A59A5008C68B6 /* Sources */,
				22C4D4EA258A59A5008C68B6 /* Frameworks */,
				22C4D4EB258A59A5008C68B6 /* Resources */,
			);
			buildRules = (
			);
			dependencies = (
			);
			name = "MyDictionaryFramework iOS";
			productName = "MyDictionaryFramework iOS";
			productReference = 22C4D4ED258A59A5008C68B6 /* MyDictionaryFramework.framework */;
			productType = "com.apple.product-type.framework";
		};
		22C4D50D258A5A5C008C68B6 /* MyDictionaryFramework macOS */ = {
			isa = PBXNativeTarget;
			buildConfigurationList = 22C4D513258A5A5D008C68B6 /* Build configuration list for PBXNativeTarget "MyDictionaryFramework macOS" */;
			buildPhases = (
				22C4D509258A5A5C008C68B6 /* Headers */,
				22C4D50A258A5A5C008C68B6 /* Sources */,
				22C4D50B258A5A5C008C68B6 /* Frameworks */,
				22C4D50C258A5A5C008C68B6 /* Resources */,
			);
			buildRules = (
			);
			dependencies = (
			);
			name = "MyDictionaryFramework macOS";
			productName = "MyDictionaryFramework macOS";
			productReference = 22C4D50E258A5A5C008C68B6 /* MyDictionaryFramework.framework */;
			productType = "com.apple.product-type.framework";
		};
		22C4D51C258A5A97008C68B6 /* MyDictionaryFramework watchOS */ = {
			isa = PBXNativeTarget;
			buildConfigurationList = 22C4D522258A5A97008C68B6 /* Build configuration list for PBXNativeTarget "MyDictionaryFramework watchOS" */;
			buildPhases = (
				22C4D518258A5A97008C68B6 /* Headers */,
				22C4D519258A5A97008C68B6 /* Sources */,
				22C4D51A258A5A97008C68B6 /* Frameworks */,
				22C4D51B258A5A97008C68B6 /* Resources */,
			);
			buildRules = (
			);
			dependencies = (
			);
			name = "MyDictionaryFramework watchOS";
			productName = "MyDictionaryFramework watchOS";
			productReference = 22C4D51D258A5A97008C68B6 /* MyDictionaryFramework.framework */;
			productType = "com.apple.product-type.framework";
		};
/* End PBXNativeTarget section */

/* Begin PBXProject section */
		22C4D4E2258A5910008C68B6 /* Project object */ = {
			isa = PBXProject;
			attributes = {
				LastSwiftUpdateCheck = 1230;
				LastUpgradeCheck = 1230;
				TargetAttributes = {
					22C4D4EC258A59A5008C68B6 = {
						CreatedOnToolsVersion = 12.3;
						LastSwiftMigration = 1230;
					};
					22C4D50D258A5A5C008C68B6 = {
						CreatedOnToolsVersion = 12.3;
						LastSwiftMigration = 1230;
					};
					22C4D51C258A5A97008C68B6 = {
						CreatedOnToolsVersion = 12.3;
						LastSwiftMigration = 1230;
					};
				};
			};
			buildConfigurationList = 22C4D4E5258A5910008C68B6 /* Build configuration list for PBXProject "MyDictionaryFramework" */;
			compatibilityVersion = "Xcode 9.3";
			developmentRegion = en;
			hasScannedForEncodings = 0;
			knownRegions = (
				en,
				Base,
			);
			mainGroup = 22C4D4E1258A5910008C68B6;
			productRefGroup = 22C4D4EE258A59A5008C68B6 /* Products */;
			projectDirPath = "";
			projectRoot = "";
			targets = (
				22C4D4EC258A59A5008C68B6 /* MyDictionaryFramework iOS */,
				22C4D50D258A5A5C008C68B6 /* MyDictionaryFramework macOS */,
				22C4D51C258A5A97008C68B6 /* MyDictionaryFramework watchOS */,
			);
		};
/* End PBXProject section */

/* Begin PBXResourcesBuildPhase section */
		22C4D4EB258A59A5008C68B6 /* Resources */ = {
			isa = PBXResourcesBuildPhase;
			buildActionMask = 2147483647;
			files = (
			);
			runOnlyForDeploymentPostprocessing = 0;
		};
		22C4D50C258A5A5C008C68B6 /* Resources */ = {
			isa = PBXResourcesBuildPhase;
			buildActionMask = 2147483647;
			files = (
			);
			runOnlyForDeploymentPostprocessing = 0;
		};
		22C4D51B258A5A97008C68B6 /* Resources */ = {
			isa = PBXResourcesBuildPhase;
			buildActionMask = 2147483647;
			files = (
			);
			runOnlyForDeploymentPostprocessing = 0;
		};
/* End PBXResourcesBuildPhase section */

/* Begin PBXSourcesBuildPhase section */
		22C4D4E9258A59A5008C68B6 /* Sources */ = {
			isa = PBXSourcesBuildPhase;
			buildActionMask = 2147483647;
			files = (
				22E48956258A6E3300BEEF5F /* ResultDeletedWord.swift in Sources */,
				22E4893B258A6D5400BEEF5F /* FetchWordProtocol.swift in Sources */,
				22E4895F258A6E3300BEEF5F /* ResultSavedWord.swift in Sources */,
				22E48965258A6E3300BEEF5F /* ResultWithoutSuccessGeneric.swift in Sources */,
				22E48949258A6DB700BEEF5F /* WordModel.swift in Sources */,
				22E48938258A6D5400BEEF5F /* DeleteWordProtocol.swift in Sources */,
				22E48935258A6D5400BEEF5F /* UpdateWordProtocol.swift in Sources */,
				22E48941258A6D5400BEEF5F /* AddWordProtocol.swift in Sources */,
				22E4895C258A6E3300BEEF5F /* ResultSaved.swift in Sources */,
				22E4893E258A6D5400BEEF5F /* CRUDWord.swift in Sources */,
				22E48959258A6E3300BEEF5F /* FetchResultWordsCount.swift in Sources */,
				22E48962258A6E3300BEEF5F /* FetchResultWords.swift in Sources */,
			);
			runOnlyForDeploymentPostprocessing = 0;
		};
		22C4D50A258A5A5C008C68B6 /* Sources */ = {
			isa = PBXSourcesBuildPhase;
			buildActionMask = 2147483647;
			files = (
				22E48957258A6E3300BEEF5F /* ResultDeletedWord.swift in Sources */,
				22E4893C258A6D5400BEEF5F /* FetchWordProtocol.swift in Sources */,
				22E48960258A6E3300BEEF5F /* ResultSavedWord.swift in Sources */,
				22E48966258A6E3300BEEF5F /* ResultWithoutSuccessGeneric.swift in Sources */,
				22E4894A258A6DB700BEEF5F /* WordModel.swift in Sources */,
				22E48939258A6D5400BEEF5F /* DeleteWordProtocol.swift in Sources */,
				22E48936258A6D5400BEEF5F /* UpdateWordProtocol.swift in Sources */,
				22E48942258A6D5400BEEF5F /* AddWordProtocol.swift in Sources */,
				22E4895D258A6E3300BEEF5F /* ResultSaved.swift in Sources */,
				22E4893F258A6D5400BEEF5F /* CRUDWord.swift in Sources */,
				22E4895A258A6E3300BEEF5F /* FetchResultWordsCount.swift in Sources */,
				22E48963258A6E3300BEEF5F /* FetchResultWords.swift in Sources */,
			);
			runOnlyForDeploymentPostprocessing = 0;
		};
		22C4D519258A5A97008C68B6 /* Sources */ = {
			isa = PBXSourcesBuildPhase;
			buildActionMask = 2147483647;
			files = (
				22E48958258A6E3300BEEF5F /* ResultDeletedWord.swift in Sources */,
				22E4893D258A6D5400BEEF5F /* FetchWordProtocol.swift in Sources */,
				22E48961258A6E3300BEEF5F /* ResultSavedWord.swift in Sources */,
				22E48967258A6E3300BEEF5F /* ResultWithoutSuccessGeneric.swift in Sources */,
				22E4894B258A6DB700BEEF5F /* WordModel.swift in Sources */,
				22E4893A258A6D5400BEEF5F /* DeleteWordProtocol.swift in Sources */,
				22E48937258A6D5400BEEF5F /* UpdateWordProtocol.swift in Sources */,
				22E48943258A6D5400BEEF5F /* AddWordProtocol.swift in Sources */,
				22E4895E258A6E3300BEEF5F /* ResultSaved.swift in Sources */,
				22E48940258A6D5400BEEF5F /* CRUDWord.swift in Sources */,
				22E4895B258A6E3300BEEF5F /* FetchResultWordsCount.swift in Sources */,
				22E48964258A6E3300BEEF5F /* FetchResultWords.swift in Sources */,
			);
			runOnlyForDeploymentPostprocessing = 0;
		};
/* End PBXSourcesBuildPhase section */

/* Begin XCBuildConfiguration section */
		22C4D4E6258A5910008C68B6 /* Debug */ = {
			isa = XCBuildConfiguration;
			buildSettings = {
				IPHONEOS_DEPLOYMENT_TARGET = 13.0;
				MACOSX_DEPLOYMENT_TARGET = 10.15;
				PRODUCT_NAME = "$(PROJECT_NAME)";
			};
			name = Debug;
		};
		22C4D4E7258A5910008C68B6 /* Release */ = {
			isa = XCBuildConfiguration;
			buildSettings = {
				IPHONEOS_DEPLOYMENT_TARGET = 13.0;
				MACOSX_DEPLOYMENT_TARGET = 10.15;
				PRODUCT_NAME = "$(PROJECT_NAME)";
			};
			name = Release;
		};
		22C4D500258A59A5008C68B6 /* Debug */ = {
			isa = XCBuildConfiguration;
			buildSettings = {
				ALWAYS_SEARCH_USER_PATHS = NO;
				CLANG_ANALYZER_NONNULL = YES;
				CLANG_ANALYZER_NUMBER_OBJECT_CONVERSION = YES_AGGRESSIVE;
				CLANG_CXX_LANGUAGE_STANDARD = "gnu++14";
				CLANG_CXX_LIBRARY = "libc++";
				CLANG_ENABLE_MODULES = YES;
				CLANG_ENABLE_OBJC_ARC = YES;
				CLANG_ENABLE_OBJC_WEAK = YES;
				CLANG_WARN_BLOCK_CAPTURE_AUTORELEASING = YES;
				CLANG_WARN_BOOL_CONVERSION = YES;
				CLANG_WARN_COMMA = YES;
				CLANG_WARN_CONSTANT_CONVERSION = YES;
				CLANG_WARN_DEPRECATED_OBJC_IMPLEMENTATIONS = YES;
				CLANG_WARN_DIRECT_OBJC_ISA_USAGE = YES_ERROR;
				CLANG_WARN_DOCUMENTATION_COMMENTS = YES;
				CLANG_WARN_EMPTY_BODY = YES;
				CLANG_WARN_ENUM_CONVERSION = YES;
				CLANG_WARN_INFINITE_RECURSION = YES;
				CLANG_WARN_INT_CONVERSION = YES;
				CLANG_WARN_NON_LITERAL_NULL_CONVERSION = YES;
				CLANG_WARN_OBJC_IMPLICIT_RETAIN_SELF = YES;
				CLANG_WARN_OBJC_LITERAL_CONVERSION = YES;
				CLANG_WARN_OBJC_ROOT_CLASS = YES_ERROR;
				CLANG_WARN_QUOTED_INCLUDE_IN_FRAMEWORK_HEADER = YES;
				CLANG_WARN_RANGE_LOOP_ANALYSIS = YES;
				CLANG_WARN_STRICT_PROTOTYPES = YES;
				CLANG_WARN_SUSPICIOUS_MOVE = YES;
				CLANG_WARN_UNGUARDED_AVAILABILITY = YES_AGGRESSIVE;
				CLANG_WARN_UNREACHABLE_CODE = YES;
				CLANG_WARN__DUPLICATE_METHOD_MATCH = YES;
				CODE_SIGN_STYLE = Automatic;
				COPY_PHASE_STRIP = NO;
				CURRENT_PROJECT_VERSION = 1;
				DEBUG_INFORMATION_FORMAT = dwarf;
				DEFINES_MODULE = YES;
				DEVELOPMENT_TEAM = "";
				DYLIB_COMPATIBILITY_VERSION = 1;
				DYLIB_CURRENT_VERSION = 1;
				DYLIB_INSTALL_NAME_BASE = "@rpath";
				ENABLE_STRICT_OBJC_MSGSEND = YES;
				ENABLE_TESTABILITY = YES;
				GCC_C_LANGUAGE_STANDARD = gnu11;
				GCC_DYNAMIC_NO_PIC = NO;
				GCC_NO_COMMON_BLOCKS = YES;
				GCC_OPTIMIZATION_LEVEL = 0;
				GCC_PREPROCESSOR_DEFINITIONS = (
					"DEBUG=1",
					"$(inherited)",
				);
				GCC_WARN_64_TO_32_BIT_CONVERSION = YES;
				GCC_WARN_ABOUT_RETURN_TYPE = YES_ERROR;
				GCC_WARN_UNDECLARED_SELECTOR = YES;
				GCC_WARN_UNINITIALIZED_AUTOS = YES_AGGRESSIVE;
				GCC_WARN_UNUSED_FUNCTION = YES;
				GCC_WARN_UNUSED_VARIABLE = YES;
				INFOPLIST_FILE = "Sources/info-iOS.plist";
				INSTALL_PATH = "$(LOCAL_LIBRARY_DIR)/Frameworks";
				IPHONEOS_DEPLOYMENT_TARGET = 13.0;
				LD_RUNPATH_SEARCH_PATHS = (
					"$(inherited)",
					"@executable_path/Frameworks",
					"@loader_path/Frameworks",
				);
				MTL_ENABLE_DEBUG_INFO = INCLUDE_SOURCE;
				MTL_FAST_MATH = YES;
				ONLY_ACTIVE_ARCH = YES;
				PRODUCT_BUNDLE_IDENTIFIER = "com.dcteam.$(PROJECT_NAME)";
				SDKROOT = iphoneos;
				SKIP_INSTALL = YES;
				SUPPORTS_MACCATALYST = NO;
				SWIFT_ACTIVE_COMPILATION_CONDITIONS = DEBUG;
				SWIFT_OPTIMIZATION_LEVEL = "-Onone";
				SWIFT_VERSION = 5.0;
				TARGETED_DEVICE_FAMILY = "1,2";
				VERSIONING_SYSTEM = "apple-generic";
				VERSION_INFO_PREFIX = "";
			};
			name = Debug;
		};
		22C4D501258A59A5008C68B6 /* Release */ = {
			isa = XCBuildConfiguration;
			buildSettings = {
				ALWAYS_SEARCH_USER_PATHS = NO;
				CLANG_ANALYZER_NONNULL = YES;
				CLANG_ANALYZER_NUMBER_OBJECT_CONVERSION = YES_AGGRESSIVE;
				CLANG_CXX_LANGUAGE_STANDARD = "gnu++14";
				CLANG_CXX_LIBRARY = "libc++";
				CLANG_ENABLE_MODULES = YES;
				CLANG_ENABLE_OBJC_ARC = YES;
				CLANG_ENABLE_OBJC_WEAK = YES;
				CLANG_WARN_BLOCK_CAPTURE_AUTORELEASING = YES;
				CLANG_WARN_BOOL_CONVERSION = YES;
				CLANG_WARN_COMMA = YES;
				CLANG_WARN_CONSTANT_CONVERSION = YES;
				CLANG_WARN_DEPRECATED_OBJC_IMPLEMENTATIONS = YES;
				CLANG_WARN_DIRECT_OBJC_ISA_USAGE = YES_ERROR;
				CLANG_WARN_DOCUMENTATION_COMMENTS = YES;
				CLANG_WARN_EMPTY_BODY = YES;
				CLANG_WARN_ENUM_CONVERSION = YES;
				CLANG_WARN_INFINITE_RECURSION = YES;
				CLANG_WARN_INT_CONVERSION = YES;
				CLANG_WARN_NON_LITERAL_NULL_CONVERSION = YES;
				CLANG_WARN_OBJC_IMPLICIT_RETAIN_SELF = YES;
				CLANG_WARN_OBJC_LITERAL_CONVERSION = YES;
				CLANG_WARN_OBJC_ROOT_CLASS = YES_ERROR;
				CLANG_WARN_QUOTED_INCLUDE_IN_FRAMEWORK_HEADER = YES;
				CLANG_WARN_RANGE_LOOP_ANALYSIS = YES;
				CLANG_WARN_STRICT_PROTOTYPES = YES;
				CLANG_WARN_SUSPICIOUS_MOVE = YES;
				CLANG_WARN_UNGUARDED_AVAILABILITY = YES_AGGRESSIVE;
				CLANG_WARN_UNREACHABLE_CODE = YES;
				CLANG_WARN__DUPLICATE_METHOD_MATCH = YES;
				CODE_SIGN_STYLE = Automatic;
				COPY_PHASE_STRIP = NO;
				CURRENT_PROJECT_VERSION = 1;
				DEBUG_INFORMATION_FORMAT = "dwarf-with-dsym";
				DEFINES_MODULE = YES;
				DEVELOPMENT_TEAM = "";
				DYLIB_COMPATIBILITY_VERSION = 1;
				DYLIB_CURRENT_VERSION = 1;
				DYLIB_INSTALL_NAME_BASE = "@rpath";
				ENABLE_NS_ASSERTIONS = NO;
				ENABLE_STRICT_OBJC_MSGSEND = YES;
				GCC_C_LANGUAGE_STANDARD = gnu11;
				GCC_NO_COMMON_BLOCKS = YES;
				GCC_WARN_64_TO_32_BIT_CONVERSION = YES;
				GCC_WARN_ABOUT_RETURN_TYPE = YES_ERROR;
				GCC_WARN_UNDECLARED_SELECTOR = YES;
				GCC_WARN_UNINITIALIZED_AUTOS = YES_AGGRESSIVE;
				GCC_WARN_UNUSED_FUNCTION = YES;
				GCC_WARN_UNUSED_VARIABLE = YES;
				INFOPLIST_FILE = "Sources/info-iOS.plist";
				INSTALL_PATH = "$(LOCAL_LIBRARY_DIR)/Frameworks";
				IPHONEOS_DEPLOYMENT_TARGET = 13.0;
				LD_RUNPATH_SEARCH_PATHS = (
					"$(inherited)",
					"@executable_path/Frameworks",
					"@loader_path/Frameworks",
				);
				MTL_ENABLE_DEBUG_INFO = NO;
				MTL_FAST_MATH = YES;
				PRODUCT_BUNDLE_IDENTIFIER = "com.dcteam.$(PROJECT_NAME)";
				SDKROOT = iphoneos;
				SKIP_INSTALL = YES;
				SUPPORTS_MACCATALYST = NO;
				SWIFT_COMPILATION_MODE = wholemodule;
				SWIFT_OPTIMIZATION_LEVEL = "-O";
				SWIFT_VERSION = 5.0;
				TARGETED_DEVICE_FAMILY = "1,2";
				VALIDATE_PRODUCT = YES;
				VERSIONING_SYSTEM = "apple-generic";
				VERSION_INFO_PREFIX = "";
			};
			name = Release;
		};
		22C4D514258A5A5D008C68B6 /* Debug */ = {
			isa = XCBuildConfiguration;
			buildSettings = {
				ALWAYS_SEARCH_USER_PATHS = NO;
				CLANG_ANALYZER_NONNULL = YES;
				CLANG_ANALYZER_NUMBER_OBJECT_CONVERSION = YES_AGGRESSIVE;
				CLANG_CXX_LANGUAGE_STANDARD = "gnu++14";
				CLANG_CXX_LIBRARY = "libc++";
				CLANG_ENABLE_MODULES = YES;
				CLANG_ENABLE_OBJC_ARC = YES;
				CLANG_ENABLE_OBJC_WEAK = YES;
				CLANG_WARN_BLOCK_CAPTURE_AUTORELEASING = YES;
				CLANG_WARN_BOOL_CONVERSION = YES;
				CLANG_WARN_COMMA = YES;
				CLANG_WARN_CONSTANT_CONVERSION = YES;
				CLANG_WARN_DEPRECATED_OBJC_IMPLEMENTATIONS = YES;
				CLANG_WARN_DIRECT_OBJC_ISA_USAGE = YES_ERROR;
				CLANG_WARN_DOCUMENTATION_COMMENTS = YES;
				CLANG_WARN_EMPTY_BODY = YES;
				CLANG_WARN_ENUM_CONVERSION = YES;
				CLANG_WARN_INFINITE_RECURSION = YES;
				CLANG_WARN_INT_CONVERSION = YES;
				CLANG_WARN_NON_LITERAL_NULL_CONVERSION = YES;
				CLANG_WARN_OBJC_IMPLICIT_RETAIN_SELF = YES;
				CLANG_WARN_OBJC_LITERAL_CONVERSION = YES;
				CLANG_WARN_OBJC_ROOT_CLASS = YES_ERROR;
				CLANG_WARN_QUOTED_INCLUDE_IN_FRAMEWORK_HEADER = YES;
				CLANG_WARN_RANGE_LOOP_ANALYSIS = YES;
				CLANG_WARN_STRICT_PROTOTYPES = YES;
				CLANG_WARN_SUSPICIOUS_MOVE = YES;
				CLANG_WARN_UNGUARDED_AVAILABILITY = YES_AGGRESSIVE;
				CLANG_WARN_UNREACHABLE_CODE = YES;
				CLANG_WARN__DUPLICATE_METHOD_MATCH = YES;
				CODE_SIGN_STYLE = Automatic;
				COMBINE_HIDPI_IMAGES = YES;
				COPY_PHASE_STRIP = NO;
				CURRENT_PROJECT_VERSION = 1;
				DEBUG_INFORMATION_FORMAT = dwarf;
				DEFINES_MODULE = YES;
				DEVELOPMENT_TEAM = "";
				DYLIB_COMPATIBILITY_VERSION = 1;
				DYLIB_CURRENT_VERSION = 1;
				DYLIB_INSTALL_NAME_BASE = "@rpath";
				ENABLE_STRICT_OBJC_MSGSEND = YES;
				ENABLE_TESTABILITY = YES;
				GCC_C_LANGUAGE_STANDARD = gnu11;
				GCC_DYNAMIC_NO_PIC = NO;
				GCC_NO_COMMON_BLOCKS = YES;
				GCC_OPTIMIZATION_LEVEL = 0;
				GCC_PREPROCESSOR_DEFINITIONS = (
					"DEBUG=1",
					"$(inherited)",
				);
				GCC_WARN_64_TO_32_BIT_CONVERSION = YES;
				GCC_WARN_ABOUT_RETURN_TYPE = YES_ERROR;
				GCC_WARN_UNDECLARED_SELECTOR = YES;
				GCC_WARN_UNINITIALIZED_AUTOS = YES_AGGRESSIVE;
				GCC_WARN_UNUSED_FUNCTION = YES;
				GCC_WARN_UNUSED_VARIABLE = YES;
				INFOPLIST_FILE = "Sources/info-macOS.plist";
				INSTALL_PATH = "$(LOCAL_LIBRARY_DIR)/Frameworks";
				LD_RUNPATH_SEARCH_PATHS = (
					"$(inherited)",
					"@executable_path/../Frameworks",
					"@loader_path/Frameworks",
				);
				MACOSX_DEPLOYMENT_TARGET = 10.15;
				MTL_ENABLE_DEBUG_INFO = INCLUDE_SOURCE;
				MTL_FAST_MATH = YES;
				ONLY_ACTIVE_ARCH = YES;
				PRODUCT_BUNDLE_IDENTIFIER = "com.dcteam.$(PROJECT_NAME)";
				SDKROOT = macosx;
				SKIP_INSTALL = YES;
				SWIFT_ACTIVE_COMPILATION_CONDITIONS = DEBUG;
				SWIFT_OPTIMIZATION_LEVEL = "-Onone";
				SWIFT_VERSION = 5.0;
				VERSIONING_SYSTEM = "apple-generic";
				VERSION_INFO_PREFIX = "";
			};
			name = Debug;
		};
		22C4D515258A5A5D008C68B6 /* Release */ = {
			isa = XCBuildConfiguration;
			buildSettings = {
				ALWAYS_SEARCH_USER_PATHS = NO;
				CLANG_ANALYZER_NONNULL = YES;
				CLANG_ANALYZER_NUMBER_OBJECT_CONVERSION = YES_AGGRESSIVE;
				CLANG_CXX_LANGUAGE_STANDARD = "gnu++14";
				CLANG_CXX_LIBRARY = "libc++";
				CLANG_ENABLE_MODULES = YES;
				CLANG_ENABLE_OBJC_ARC = YES;
				CLANG_ENABLE_OBJC_WEAK = YES;
				CLANG_WARN_BLOCK_CAPTURE_AUTORELEASING = YES;
				CLANG_WARN_BOOL_CONVERSION = YES;
				CLANG_WARN_COMMA = YES;
				CLANG_WARN_CONSTANT_CONVERSION = YES;
				CLANG_WARN_DEPRECATED_OBJC_IMPLEMENTATIONS = YES;
				CLANG_WARN_DIRECT_OBJC_ISA_USAGE = YES_ERROR;
				CLANG_WARN_DOCUMENTATION_COMMENTS = YES;
				CLANG_WARN_EMPTY_BODY = YES;
				CLANG_WARN_ENUM_CONVERSION = YES;
				CLANG_WARN_INFINITE_RECURSION = YES;
				CLANG_WARN_INT_CONVERSION = YES;
				CLANG_WARN_NON_LITERAL_NULL_CONVERSION = YES;
				CLANG_WARN_OBJC_IMPLICIT_RETAIN_SELF = YES;
				CLANG_WARN_OBJC_LITERAL_CONVERSION = YES;
				CLANG_WARN_OBJC_ROOT_CLASS = YES_ERROR;
				CLANG_WARN_QUOTED_INCLUDE_IN_FRAMEWORK_HEADER = YES;
				CLANG_WARN_RANGE_LOOP_ANALYSIS = YES;
				CLANG_WARN_STRICT_PROTOTYPES = YES;
				CLANG_WARN_SUSPICIOUS_MOVE = YES;
				CLANG_WARN_UNGUARDED_AVAILABILITY = YES_AGGRESSIVE;
				CLANG_WARN_UNREACHABLE_CODE = YES;
				CLANG_WARN__DUPLICATE_METHOD_MATCH = YES;
				CODE_SIGN_STYLE = Automatic;
				COMBINE_HIDPI_IMAGES = YES;
				COPY_PHASE_STRIP = NO;
				CURRENT_PROJECT_VERSION = 1;
				DEBUG_INFORMATION_FORMAT = "dwarf-with-dsym";
				DEFINES_MODULE = YES;
				DEVELOPMENT_TEAM = "";
				DYLIB_COMPATIBILITY_VERSION = 1;
				DYLIB_CURRENT_VERSION = 1;
				DYLIB_INSTALL_NAME_BASE = "@rpath";
				ENABLE_NS_ASSERTIONS = NO;
				ENABLE_STRICT_OBJC_MSGSEND = YES;
				GCC_C_LANGUAGE_STANDARD = gnu11;
				GCC_NO_COMMON_BLOCKS = YES;
				GCC_WARN_64_TO_32_BIT_CONVERSION = YES;
				GCC_WARN_ABOUT_RETURN_TYPE = YES_ERROR;
				GCC_WARN_UNDECLARED_SELECTOR = YES;
				GCC_WARN_UNINITIALIZED_AUTOS = YES_AGGRESSIVE;
				GCC_WARN_UNUSED_FUNCTION = YES;
				GCC_WARN_UNUSED_VARIABLE = YES;
				INFOPLIST_FILE = "Sources/info-macOS.plist";
				INSTALL_PATH = "$(LOCAL_LIBRARY_DIR)/Frameworks";
				LD_RUNPATH_SEARCH_PATHS = (
					"$(inherited)",
					"@executable_path/../Frameworks",
					"@loader_path/Frameworks",
				);
				MACOSX_DEPLOYMENT_TARGET = 10.15;
				MTL_ENABLE_DEBUG_INFO = NO;
				MTL_FAST_MATH = YES;
				PRODUCT_BUNDLE_IDENTIFIER = "com.dcteam.$(PROJECT_NAME)";
				SDKROOT = macosx;
				SKIP_INSTALL = YES;
				SWIFT_COMPILATION_MODE = wholemodule;
				SWIFT_OPTIMIZATION_LEVEL = "-O";
				SWIFT_VERSION = 5.0;
				VERSIONING_SYSTEM = "apple-generic";
				VERSION_INFO_PREFIX = "";
			};
			name = Release;
		};
		22C4D523258A5A97008C68B6 /* Debug */ = {
			isa = XCBuildConfiguration;
			buildSettings = {
				ALWAYS_SEARCH_USER_PATHS = NO;
				APPLICATION_EXTENSION_API_ONLY = NO;
				CLANG_ANALYZER_NONNULL = YES;
				CLANG_ANALYZER_NUMBER_OBJECT_CONVERSION = YES_AGGRESSIVE;
				CLANG_CXX_LANGUAGE_STANDARD = "gnu++14";
				CLANG_CXX_LIBRARY = "libc++";
				CLANG_ENABLE_MODULES = YES;
				CLANG_ENABLE_OBJC_ARC = YES;
				CLANG_ENABLE_OBJC_WEAK = YES;
				CLANG_WARN_BLOCK_CAPTURE_AUTORELEASING = YES;
				CLANG_WARN_BOOL_CONVERSION = YES;
				CLANG_WARN_COMMA = YES;
				CLANG_WARN_CONSTANT_CONVERSION = YES;
				CLANG_WARN_DEPRECATED_OBJC_IMPLEMENTATIONS = YES;
				CLANG_WARN_DIRECT_OBJC_ISA_USAGE = YES_ERROR;
				CLANG_WARN_DOCUMENTATION_COMMENTS = YES;
				CLANG_WARN_EMPTY_BODY = YES;
				CLANG_WARN_ENUM_CONVERSION = YES;
				CLANG_WARN_INFINITE_RECURSION = YES;
				CLANG_WARN_INT_CONVERSION = YES;
				CLANG_WARN_NON_LITERAL_NULL_CONVERSION = YES;
				CLANG_WARN_OBJC_IMPLICIT_RETAIN_SELF = YES;
				CLANG_WARN_OBJC_LITERAL_CONVERSION = YES;
				CLANG_WARN_OBJC_ROOT_CLASS = YES_ERROR;
				CLANG_WARN_QUOTED_INCLUDE_IN_FRAMEWORK_HEADER = YES;
				CLANG_WARN_RANGE_LOOP_ANALYSIS = YES;
				CLANG_WARN_STRICT_PROTOTYPES = YES;
				CLANG_WARN_SUSPICIOUS_MOVE = YES;
				CLANG_WARN_UNGUARDED_AVAILABILITY = YES_AGGRESSIVE;
				CLANG_WARN_UNREACHABLE_CODE = YES;
				CLANG_WARN__DUPLICATE_METHOD_MATCH = YES;
				CODE_SIGN_STYLE = Automatic;
				COPY_PHASE_STRIP = NO;
				CURRENT_PROJECT_VERSION = 1;
				DEBUG_INFORMATION_FORMAT = dwarf;
				DEFINES_MODULE = YES;
				DEVELOPMENT_TEAM = "";
				DYLIB_COMPATIBILITY_VERSION = 1;
				DYLIB_CURRENT_VERSION = 1;
				DYLIB_INSTALL_NAME_BASE = "@rpath";
				ENABLE_STRICT_OBJC_MSGSEND = YES;
				ENABLE_TESTABILITY = YES;
				GCC_C_LANGUAGE_STANDARD = gnu11;
				GCC_DYNAMIC_NO_PIC = NO;
				GCC_NO_COMMON_BLOCKS = YES;
				GCC_OPTIMIZATION_LEVEL = 0;
				GCC_PREPROCESSOR_DEFINITIONS = (
					"DEBUG=1",
					"$(inherited)",
				);
				GCC_WARN_64_TO_32_BIT_CONVERSION = YES;
				GCC_WARN_ABOUT_RETURN_TYPE = YES_ERROR;
				GCC_WARN_UNDECLARED_SELECTOR = YES;
				GCC_WARN_UNINITIALIZED_AUTOS = YES_AGGRESSIVE;
				GCC_WARN_UNUSED_FUNCTION = YES;
				GCC_WARN_UNUSED_VARIABLE = YES;
				INFOPLIST_FILE = "Sources/info-watchOS.plist";
				INSTALL_PATH = "$(LOCAL_LIBRARY_DIR)/Frameworks";
				LD_RUNPATH_SEARCH_PATHS = (
					"$(inherited)",
					"@executable_path/Frameworks",
					"@loader_path/Frameworks",
				);
				MTL_ENABLE_DEBUG_INFO = INCLUDE_SOURCE;
				MTL_FAST_MATH = YES;
				ONLY_ACTIVE_ARCH = YES;
				PRODUCT_BUNDLE_IDENTIFIER = "com.dcteam.$(PROJECT_NAME)";
				SDKROOT = watchos;
				SKIP_INSTALL = YES;
				SWIFT_ACTIVE_COMPILATION_CONDITIONS = DEBUG;
				SWIFT_OPTIMIZATION_LEVEL = "-Onone";
				SWIFT_VERSION = 5.0;
				TARGETED_DEVICE_FAMILY = 4;
				VERSIONING_SYSTEM = "apple-generic";
				VERSION_INFO_PREFIX = "";
				WATCHOS_DEPLOYMENT_TARGET = 6.0;
			};
			name = Debug;
		};
		22C4D524258A5A97008C68B6 /* Release */ = {
			isa = XCBuildConfiguration;
			buildSettings = {
				ALWAYS_SEARCH_USER_PATHS = NO;
				APPLICATION_EXTENSION_API_ONLY = NO;
				CLANG_ANALYZER_NONNULL = YES;
				CLANG_ANALYZER_NUMBER_OBJECT_CONVERSION = YES_AGGRESSIVE;
				CLANG_CXX_LANGUAGE_STANDARD = "gnu++14";
				CLANG_CXX_LIBRARY = "libc++";
				CLANG_ENABLE_MODULES = YES;
				CLANG_ENABLE_OBJC_ARC = YES;
				CLANG_ENABLE_OBJC_WEAK = YES;
				CLANG_WARN_BLOCK_CAPTURE_AUTORELEASING = YES;
				CLANG_WARN_BOOL_CONVERSION = YES;
				CLANG_WARN_COMMA = YES;
				CLANG_WARN_CONSTANT_CONVERSION = YES;
				CLANG_WARN_DEPRECATED_OBJC_IMPLEMENTATIONS = YES;
				CLANG_WARN_DIRECT_OBJC_ISA_USAGE = YES_ERROR;
				CLANG_WARN_DOCUMENTATION_COMMENTS = YES;
				CLANG_WARN_EMPTY_BODY = YES;
				CLANG_WARN_ENUM_CONVERSION = YES;
				CLANG_WARN_INFINITE_RECURSION = YES;
				CLANG_WARN_INT_CONVERSION = YES;
				CLANG_WARN_NON_LITERAL_NULL_CONVERSION = YES;
				CLANG_WARN_OBJC_IMPLICIT_RETAIN_SELF = YES;
				CLANG_WARN_OBJC_LITERAL_CONVERSION = YES;
				CLANG_WARN_OBJC_ROOT_CLASS = YES_ERROR;
				CLANG_WARN_QUOTED_INCLUDE_IN_FRAMEWORK_HEADER = YES;
				CLANG_WARN_RANGE_LOOP_ANALYSIS = YES;
				CLANG_WARN_STRICT_PROTOTYPES = YES;
				CLANG_WARN_SUSPICIOUS_MOVE = YES;
				CLANG_WARN_UNGUARDED_AVAILABILITY = YES_AGGRESSIVE;
				CLANG_WARN_UNREACHABLE_CODE = YES;
				CLANG_WARN__DUPLICATE_METHOD_MATCH = YES;
				CODE_SIGN_STYLE = Automatic;
				COPY_PHASE_STRIP = NO;
				CURRENT_PROJECT_VERSION = 1;
				DEBUG_INFORMATION_FORMAT = "dwarf-with-dsym";
				DEFINES_MODULE = YES;
				DEVELOPMENT_TEAM = "";
				DYLIB_COMPATIBILITY_VERSION = 1;
				DYLIB_CURRENT_VERSION = 1;
				DYLIB_INSTALL_NAME_BASE = "@rpath";
				ENABLE_NS_ASSERTIONS = NO;
				ENABLE_STRICT_OBJC_MSGSEND = YES;
				GCC_C_LANGUAGE_STANDARD = gnu11;
				GCC_NO_COMMON_BLOCKS = YES;
				GCC_WARN_64_TO_32_BIT_CONVERSION = YES;
				GCC_WARN_ABOUT_RETURN_TYPE = YES_ERROR;
				GCC_WARN_UNDECLARED_SELECTOR = YES;
				GCC_WARN_UNINITIALIZED_AUTOS = YES_AGGRESSIVE;
				GCC_WARN_UNUSED_FUNCTION = YES;
				GCC_WARN_UNUSED_VARIABLE = YES;
				INFOPLIST_FILE = "Sources/info-watchOS.plist";
				INSTALL_PATH = "$(LOCAL_LIBRARY_DIR)/Frameworks";
				LD_RUNPATH_SEARCH_PATHS = (
					"$(inherited)",
					"@executable_path/Frameworks",
					"@loader_path/Frameworks",
				);
				MTL_ENABLE_DEBUG_INFO = NO;
				MTL_FAST_MATH = YES;
				PRODUCT_BUNDLE_IDENTIFIER = "com.dcteam.$(PROJECT_NAME)";
				SDKROOT = watchos;
				SKIP_INSTALL = YES;
				SWIFT_COMPILATION_MODE = wholemodule;
				SWIFT_OPTIMIZATION_LEVEL = "-O";
				SWIFT_VERSION = 5.0;
				TARGETED_DEVICE_FAMILY = 4;
				VALIDATE_PRODUCT = YES;
				VERSIONING_SYSTEM = "apple-generic";
				VERSION_INFO_PREFIX = "";
				WATCHOS_DEPLOYMENT_TARGET = 6.0;
			};
			name = Release;
		};
/* End XCBuildConfiguration section */

/* Begin XCConfigurationList section */
		22C4D4E5258A5910008C68B6 /* Build configuration list for PBXProject "MyDictionaryFramework" */ = {
			isa = XCConfigurationList;
			buildConfigurations = (
				22C4D4E6258A5910008C68B6 /* Debug */,
				22C4D4E7258A5910008C68B6 /* Release */,
			);
			defaultConfigurationIsVisible = 0;
			defaultConfigurationName = Release;
		};
		22C4D4FF258A59A5008C68B6 /* Build configuration list for PBXNativeTarget "MyDictionaryFramework iOS" */ = {
			isa = XCConfigurationList;
			buildConfigurations = (
				22C4D500258A59A5008C68B6 /* Debug */,
				22C4D501258A59A5008C68B6 /* Release */,
			);
			defaultConfigurationIsVisible = 0;
			defaultConfigurationName = Release;
		};
		22C4D513258A5A5D008C68B6 /* Build configuration list for PBXNativeTarget "MyDictionaryFramework macOS" */ = {
			isa = XCConfigurationList;
			buildConfigurations = (
				22C4D514258A5A5D008C68B6 /* Debug */,
				22C4D515258A5A5D008C68B6 /* Release */,
			);
			defaultConfigurationIsVisible = 0;
			defaultConfigurationName = Release;
		};
		22C4D522258A5A97008C68B6 /* Build configuration list for PBXNativeTarget "MyDictionaryFramework watchOS" */ = {
			isa = XCConfigurationList;
			buildConfigurations = (
				22C4D523258A5A97008C68B6 /* Debug */,
				22C4D524258A5A97008C68B6 /* Release */,
			);
			defaultConfigurationIsVisible = 0;
			defaultConfigurationName = Release;
		};
/* End XCConfigurationList section */
	};
	rootObject = 22C4D4E2258A5910008C68B6 /* Project object */;
}
